("quicklisp" .
 (:class qlot/source/dist:source-dist
  :initargs (:distribution "https://beta.quicklisp.org/dist/quicklisp.txt" :%version :latest)
  :version "2026-01-01"))
("rove" .
 (:class qlot/source/ql:source-ql
  :initargs (:%version :latest)
  :version "ql-2026-01-01"))
("cffi" .
 (:class qlot/source/ql:source-ql
  :initargs (:%version :latest)
  :version "ql-2026-01-01"))
("quri" .
 (:class qlot/source/ql:source-ql
  :initargs (:%version :latest)
  :version "ql-2026-01-01"))
("fast-http" .
 (:class qlot/source/ql:source-ql
  :initargs (:%version :latest)
  :version "ql-2024-10-12"))
("babel" .
 (:class qlot/source/ql:source-ql
  :initargs (:%version :latest)
  :version "ql-2026-01-01"))
("alexandria" .
 (:class qlot/source/ql:source-ql
  :initargs (:%version :latest)
  :version "ql-2024-10-12"))
("blackbird" .
 (:class qlot/source/ql:source-ql
  :initargs (:%version :latest)
  :version "ql-2024-10-12"))
("chipz" .
 (:class qlot/source/ql:source-ql
  :initargs (:%version :latest)
  :version "ql-2023-06-18"))
("salza2" .
 (:class qlot/source/ql:source-ql
  :initargs (:%version :latest)
  :version "ql-2021-10-20"))
("trivial-gray-streams" .
 (:class qlot/source/ql:source-ql
  :initargs (:%version :latest)
  :version "ql-2024-10-12"))
("bordeaux-threads" .
 (:class qlot/source/ql:source-ql
  :initargs (:%version :latest)
  :version "ql-2024-10-12"))
("usocket" .
 (:class qlot/source/ql:source-ql
  :initargs (:%version :latest)
  :version "ql-2026-01-01"))
("cl+ssl" .
 (:class qlot/source/ql:source-ql
  :initargs (:%version :latest)
  :version "ql-2026-01-01"))
("http-protocol" .
 (:class qlot/source/local:source-local
  :initargs (:path "../http-protocol")))
("event-protocol" .
 (:class qlot/source/local:source-local
  :initargs (:path "../event-protocol")))
("http-encoding-chipz" .
 (:class qlot/source/local:source-local
  :initargs (:path "../http-encoding-chipz")))
("event-backend-libuv" .
 (:class qlot/source/local:source-local
  :initargs (:path "../event-backend-libuv")))
("event-backend-libev" .
 (:class qlot/source/local:source-local
  :initargs (:path "../event-backend-libev")))
("http-encoding-brotli" .
 (:class qlot/source/local:source-local
  :initargs (:path "../http-encoding-brotli")))
("http-encoding-zstd" .
 (:class qlot/source/local:source-local
  :initargs (:path "../http-encoding-zstd")))
("cl-stack-brotli" .
 (:class qlot/source/local:source-local
  :initargs (:path "../cl-stack-brotli")))
("cl-stack-zstd" .
 (:class qlot/source/local:source-local
  :initargs (:path "../cl-stack-zstd")))
("cl-stack-ssl" .
 (:class qlot/source/local:source-local
  :initargs (:path "../cl-stack-ssl")))
